<?xml version="1.0" encoding="utf-8"?>
<Project ToolsVersion="4.0" xmlns="http://schemas.microsoft.com/developer/msbuild/2003">
  <ItemGroup>
    <Filter Include="Source Files">
      <UniqueIdentifier>{4FC737F1-C7A5-4376-A066-2A32D752A2FF}</UniqueIdentifier>
      <Extensions>cpp;c;cc;cxx;def;odl;idl;hpj;bat;asm;asmx</Extensions>
    </Filter>
    <Filter Include="Header Files">
      <UniqueIdentifier>{93995380-89BD-4b04-88EB-625FBE52EBFB}</UniqueIdentifier>
      <Extensions>h;hh;hpp;hxx;hm;inl;inc;xsd</Extensions>
    </Filter>
    <Filter Include="Resource Files">
      <UniqueIdentifier>{67DA6AB6-F800-4c08-8B7A-83BB121AAD01}</UniqueIdentifier>
      <Extensions>rc;ico;cur;bmp;dlg;rc2;rct;bin;rgs;gif;jpg;jpeg;jpe;resx;tiff;tif;png;wav</Extensions>
    </Filter>
  </ItemGroup>
  <ItemGroup>
    <ClCompile Include="src\day10Solver.cpp">
      <Filter>Source Files</Filter>
    </ClCompile>
    <ClCompile Include="src\day11Solver.cpp">
      <Filter>Source Files</Filter>
    </ClCompile>
    <ClCompile Include="src\day12Solver.cpp">
      <Filter>Source Files</Filter>
    </ClCompile>
    <ClCompile Include="src\day13Solver.cpp">
      <Filter>Source Files</Filter>
    </ClCompile>
    <ClCompile Include="src\day14Solver.cpp">
      <Filter>Source Files</Filter>
    </ClCompile>
    <ClCompile Include="src\day15Solver.cpp">
      <Filter>Source Files</Filter>
    </ClCompile>
    <ClCompile Include="src\day16Solver.cpp">
      <Filter>Source Files</Filter>
    </ClCompile>
    <ClCompile Include="src\day17Solver.cpp">
      <Filter>Source Files</Filter>
    </ClCompile>
    <ClCompile Include="src\day18Solver.cpp">
      <Filter>Source Files</Filter>
    </ClCompile>
    <ClCompile Include="src\day19Solver.cpp">
      <Filter>Source Files</Filter>
    </ClCompile>
    <ClCompile Include="src\day1Solver.cpp">
      <Filter>Source Files</Filter>
    </ClCompile>
    <ClCompile Include="src\day20Solver.cpp">
      <Filter>Source Files</Filter>
    </ClCompile>
    <ClCompile Include="src\day21Solver.cpp">
      <Filter>Source Files</Filter>
    </ClCompile>
    <ClCompile Include="src\day22Solver.cpp">
      <Filter>Source Files</Filter>
    </ClCompile>
    <ClCompile Include="src\day2Solver.cpp">
      <Filter>Source Files</Filter>
    </ClCompile>
    <ClCompile Include="src\day3Solver.cpp">
      <Filter>Source Files</Filter>
    </ClCompile>
    <ClCompile Include="src\day4Solver.cpp">
      <Filter>Source Files</Filter>
    </ClCompile>
    <ClCompile Include="src\day5Solver.cpp">
      <Filter>Source Files</Filter>
    </ClCompile>
    <ClCompile Include="src\day6Solver.cpp">
      <Filter>Source Files</Filter>
    </ClCompile>
    <ClCompile Include="src\day8Solver.cpp">
      <Filter>Source Files</Filter>
    </ClCompile>
    <ClCompile Include="src\day9Solver.cpp">
      <Filter>Source Files</Filter>
    </ClCompile>
    <ClCompile Include="src\main.cpp">
      <Filter>Source Files</Filter>
    </ClCompile>
    <ClCompile Include="src\solver.cpp">
      <Filter>Source Files</Filter>
    </ClCompile>
    <ClCompile Include="src\day23Solver.cpp">
      <Filter>Source Files</Filter>
    </ClCompile>
    <ClCompile Include="src\day24Solver.cpp">
      <Filter>Source Files</Filter>
    </ClCompile>
    <ClCompile Include="src\day25Solver.cpp">
      <Filter>Source Files</Filter>
    </ClCompile>
    <ClCompile Include="src\day7Solver.cpp">
      <Filter>Source Files</Filter>
    </ClCompile>
  </ItemGroup>
  <ItemGroup>
    <ClInclude Include="include\day10Solver.h">
      <Filter>Header Files</Filter>
    </ClInclude>
    <ClInclude Include="include\day11Solver.h">
      <Filter>Header Files</Filter>
    </ClInclude>
    <ClInclude Include="include\day12Solver.h">
      <Filter>Header Files</Filter>
    </ClInclude>
    <ClInclude Include="include\day13Solver.h">
      <Filter>Header Files</Filter>
    </ClInclude>
    <ClInclude Include="include\day14Solver.h">
      <Filter>Header Files</Filter>
    </ClInclude>
    <ClInclude Include="include\day15Solver.h">
      <Filter>Header Files</Filter>
    </ClInclude>
    <ClInclude Include="include\day16Solver.h">
      <Filter>Header Files</Filter>
    </ClInclude>
    <ClInclude Include="include\day17Solver.h">
      <Filter>Header Files</Filter>
    </ClInclude>
    <ClInclude Include="include\day18Solver.h">
      <Filter>Header Files</Filter>
    </ClInclude>
    <ClInclude Include="include\day19Solver.h">
      <Filter>Header Files</Filter>
    </ClInclude>
    <ClInclude Include="include\day1Solver.h">
      <Filter>Header Files</Filter>
    </ClInclude>
    <ClInclude Include="include\day20Solver.h">
      <Filter>Header Files</Filter>
    </ClInclude>
    <ClInclude Include="include\day21Solver.h">
      <Filter>Header Files</Filter>
    </ClInclude>
    <ClInclude Include="include\day22Solver.h">
      <Filter>Header Files</Filter>
    </ClInclude>
    <ClInclude Include="include\day2Solver.h">
      <Filter>Header Files</Filter>
    </ClInclude>
    <ClInclude Include="include\day3Solver.h">
      <Filter>Header Files</Filter>
    </ClInclude>
    <ClInclude Include="include\day4Solver.h">
      <Filter>Header Files</Filter>
    </ClInclude>
    <ClInclude Include="include\day5Solver.h">
      <Filter>Header Files</Filter>
    </ClInclude>
    <ClInclude Include="include\day6Solver.h">
      <Filter>Header Files</Filter>
    </ClInclude>
    <ClInclude Include="include\day7Solver.h">
      <Filter>Header Files</Filter>
    </ClInclude>
    <ClInclude Include="include\day8Solver.h">
      <Filter>Header Files</Filter>
    </ClInclude>
    <ClInclude Include="include\day9Solver.h">
      <Filter>Header Files</Filter>
    </ClInclude>
    <ClInclude Include="include\grid.h">
      <Filter>Header Files</Filter>
    </ClInclude>
    <ClInclude Include="include\solver.h">
      <Filter>Header Files</Filter>
    </ClInclude>
    <ClInclude Include="include\day23Solver.h">
      <Filter>Header Files</Filter>
    </ClInclude>
    <ClInclude Include="include\day24Solver.h">
      <Filter>Header Files</Filter>
    </ClInclude>
    <ClInclude Include="include\graph.h">
      <Filter>Header Files</Filter>
    </ClInclude>
    <ClInclude Include="include\day25Solver.h">
      <Filter>Header Files</Filter>
    </ClInclude>
  </ItemGroup>
</Project>